
Microsoft Visual Studio Solution File, Format Version 12.00
Project("{2150E333-8FDC-42A3-9474-1A3956D46DE8}") = "src", "src", "{A7F1BBFA-3215-4511-AD82-F4A61A8504CB}"
EndProject
Project("{2150E333-8FDC-42A3-9474-1A3956D46DE8}") = "tests", "tests", "{FBEA0FE3-3679-47B8-BAC0-F8EB6C89C207}"
EndProject
Project("{FAE04EC0-301F-11D3-BF4B-00C04F79EFBC}") = "Bw.VaultBot", "src\Bw.VaultBot\Bw.VaultBot.csproj", "{50807D46-15B1-43A4-827D-65F0582739B5}"
EndProject
Project("{FAE04EC0-301F-11D3-BF4B-00C04F79EFBC}") = "Bw.VaultBot.UnitTests", "tests\Bw.VaultBot.UnitTests\Bw.VaultBot.UnitTests.csproj", "{7A62018F-0504-43A3-B24E-4C8188E1A3A4}"
EndProject
Project("{FAE04EC0-301F-11D3-BF4B-00C04F79EFBC}") = "Bw.VaultBot.Model", "src\Bw.VaultBot.Model\Bw.VaultBot.Model.csproj", "{CA2E702F-982D-474E-A805-EC057697780F}"
EndProject
Project("{FAE04EC0-301F-11D3-BF4B-00C04F79EFBC}") = "Bw.VaultBot.Infrastructure", "src\Bw.VaultBot.Infrastructure\Bw.VaultBot.Infrastructure.csproj", "{6D2C459F-BE28-423A-BF3E-6E38F3593232}"
EndProject
Project("{FAE04EC0-301F-11D3-BF4B-00C04F79EFBC}") = "Bw.VaultBot.Common", "src\Bw.VaultBot.Common\Bw.VaultBot.Common.csproj", "{14F0BC8A-03D1-4615-A50D-1C7189B3F498}"
EndProject
Project("{FAE04EC0-301F-11D3-BF4B-00C04F79EFBC}") = "Bw.VaultBot.Telemetry", "src\Bw.VaultBot.Telemetry\Bw.VaultBot.Telemetry.csproj", "{4546C8FC-AFE4-48F5-9411-4BCE66C25EC4}"
EndProject
Project("{FAE04EC0-301F-11D3-BF4B-00C04F79EFBC}") = "Bw.VaultBot.Data", "src\Bw.VaultBot.Data\Bw.VaultBot.Data.csproj", "{235D5D9F-7D53-4F3F-9593-D990A8661985}"
EndProject
Project("{FAE04EC0-301F-11D3-BF4B-00C04F79EFBC}") = "Bw.VaultBot.Application", "src\Bw.VaultBot.Application\Bw.VaultBot.Application.csproj", "{B656D1E4-2A21-4EF4-8D25-3AA3A68FEB96}"
EndProject
Global
	GlobalSection(SolutionConfigurationPlatforms) = preSolution
		Debug|Any CPU = Debug|Any CPU
		Release|Any CPU = Release|Any CPU
	EndGlobalSection
	GlobalSection(NestedProjects) = preSolution
		{50807D46-15B1-43A4-827D-65F0582739B5} = {A7F1BBFA-3215-4511-AD82-F4A61A8504CB}
		{7A62018F-0504-43A3-B24E-4C8188E1A3A4} = {FBEA0FE3-3679-47B8-BAC0-F8EB6C89C207}
		{CA2E702F-982D-474E-A805-EC057697780F} = {A7F1BBFA-3215-4511-AD82-F4A61A8504CB}
		{6D2C459F-BE28-423A-BF3E-6E38F3593232} = {A7F1BBFA-3215-4511-AD82-F4A61A8504CB}
		{14F0BC8A-03D1-4615-A50D-1C7189B3F498} = {A7F1BBFA-3215-4511-AD82-F4A61A8504CB}
		{4546C8FC-AFE4-48F5-9411-4BCE66C25EC4} = {A7F1BBFA-3215-4511-AD82-F4A61A8504CB}
		{235D5D9F-7D53-4F3F-9593-D990A8661985} = {A7F1BBFA-3215-4511-AD82-F4A61A8504CB}
		{B656D1E4-2A21-4EF4-8D25-3AA3A68FEB96} = {A7F1BBFA-3215-4511-AD82-F4A61A8504CB}
	EndGlobalSection
	GlobalSection(ProjectConfigurationPlatforms) = postSolution
		{50807D46-15B1-43A4-827D-65F0582739B5}.Debug|Any CPU.ActiveCfg = Debug|Any CPU
		{50807D46-15B1-43A4-827D-65F0582739B5}.Debug|Any CPU.Build.0 = Debug|Any CPU
		{50807D46-15B1-43A4-827D-65F0582739B5}.Release|Any CPU.ActiveCfg = Release|Any CPU
		{50807D46-15B1-43A4-827D-65F0582739B5}.Release|Any CPU.Build.0 = Release|Any CPU
		{7A62018F-0504-43A3-B24E-4C8188E1A3A4}.Debug|Any CPU.ActiveCfg = Debug|Any CPU
		{7A62018F-0504-43A3-B24E-4C8188E1A3A4}.Debug|Any CPU.Build.0 = Debug|Any CPU
		{7A62018F-0504-43A3-B24E-4C8188E1A3A4}.Release|Any CPU.ActiveCfg = Release|Any CPU
		{7A62018F-0504-43A3-B24E-4C8188E1A3A4}.Release|Any CPU.Build.0 = Release|Any CPU
		{CA2E702F-982D-474E-A805-EC057697780F}.Debug|Any CPU.ActiveCfg = Debug|Any CPU
		{CA2E702F-982D-474E-A805-EC057697780F}.Debug|Any CPU.Build.0 = Debug|Any CPU
		{CA2E702F-982D-474E-A805-EC057697780F}.Release|Any CPU.ActiveCfg = Release|Any CPU
		{CA2E702F-982D-474E-A805-EC057697780F}.Release|Any CPU.Build.0 = Release|Any CPU
		{6D2C459F-BE28-423A-BF3E-6E38F3593232}.Debug|Any CPU.ActiveCfg = Debug|Any CPU
		{6D2C459F-BE28-423A-BF3E-6E38F3593232}.Debug|Any CPU.Build.0 = Debug|Any CPU
		{6D2C459F-BE28-423A-BF3E-6E38F3593232}.Release|Any CPU.ActiveCfg = Release|Any CPU
		{6D2C459F-BE28-423A-BF3E-6E38F3593232}.Release|Any CPU.Build.0 = Release|Any CPU
		{14F0BC8A-03D1-4615-A50D-1C7189B3F498}.Debug|Any CPU.ActiveCfg = Debug|Any CPU
		{14F0BC8A-03D1-4615-A50D-1C7189B3F498}.Debug|Any CPU.Build.0 = Debug|Any CPU
		{14F0BC8A-03D1-4615-A50D-1C7189B3F498}.Release|Any CPU.ActiveCfg = Release|Any CPU
		{14F0BC8A-03D1-4615-A50D-1C7189B3F498}.Release|Any CPU.Build.0 = Release|Any CPU
		{4546C8FC-AFE4-48F5-9411-4BCE66C25EC4}.Debug|Any CPU.ActiveCfg = Debug|Any CPU
		{4546C8FC-AFE4-48F5-9411-4BCE66C25EC4}.Debug|Any CPU.Build.0 = Debug|Any CPU
		{4546C8FC-AFE4-48F5-9411-4BCE66C25EC4}.Release|Any CPU.ActiveCfg = Release|Any CPU
		{4546C8FC-AFE4-48F5-9411-4BCE66C25EC4}.Release|Any CPU.Build.0 = Release|Any CPU
		{235D5D9F-7D53-4F3F-9593-D990A8661985}.Debug|Any CPU.ActiveCfg = Debug|Any CPU
		{235D5D9F-7D53-4F3F-9593-D990A8661985}.Debug|Any CPU.Build.0 = Debug|Any CPU
		{235D5D9F-7D53-4F3F-9593-D990A8661985}.Release|Any CPU.ActiveCfg = Release|Any CPU
		{235D5D9F-7D53-4F3F-9593-D990A8661985}.Release|Any CPU.Build.0 = Release|Any CPU
		{B656D1E4-2A21-4EF4-8D25-3AA3A68FEB96}.Debug|Any CPU.ActiveCfg = Debug|Any CPU
		{B656D1E4-2A21-4EF4-8D25-3AA3A68FEB96}.Debug|Any CPU.Build.0 = Debug|Any CPU
		{B656D1E4-2A21-4EF4-8D25-3AA3A68FEB96}.Release|Any CPU.ActiveCfg = Release|Any CPU
		{B656D1E4-2A21-4EF4-8D25-3AA3A68FEB96}.Release|Any CPU.Build.0 = Release|Any CPU
	EndGlobalSection
EndGlobal
