
Microsoft Visual Studio Solution File, Format Version 12.00
Project("{2150E333-8FDC-42A3-9474-1A3956D46DE8}") = "src", "src", "{A7F1BBFA-3215-4511-AD82-F4A61A8504CB}"
EndProject
Project("{2150E333-8FDC-42A3-9474-1A3956D46DE8}") = "tests", "tests", "{FBEA0FE3-3679-47B8-BAC0-F8EB6C89C207}"
EndProject
Project("{FAE04EC0-301F-11D3-BF4B-00C04F79EFBC}") = "VaultSummary.App", "src\VaultSummary.App\VaultSummary.App.csproj", "{50807D46-15B1-43A4-827D-65F0582739B5}"
EndProject
Project("{FAE04EC0-301F-11D3-BF4B-00C04F79EFBC}") = "VaultSummary.UnitTests", "tests\VaultSummary.UnitTests\VaultSummary.UnitTests.csproj", "{7A62018F-0504-43A3-B24E-4C8188E1A3A4}"
EndProject
Global
	GlobalSection(SolutionConfigurationPlatforms) = preSolution
		Debug|Any CPU = Debug|Any CPU
		Release|Any CPU = Release|Any CPU
	EndGlobalSection
	GlobalSection(NestedProjects) = preSolution
		{50807D46-15B1-43A4-827D-65F0582739B5} = {A7F1BBFA-3215-4511-AD82-F4A61A8504CB}
		{7A62018F-0504-43A3-B24E-4C8188E1A3A4} = {FBEA0FE3-3679-47B8-BAC0-F8EB6C89C207}
	EndGlobalSection
	GlobalSection(ProjectConfigurationPlatforms) = postSolution
		{50807D46-15B1-43A4-827D-65F0582739B5}.Debug|Any CPU.ActiveCfg = Debug|Any CPU
		{50807D46-15B1-43A4-827D-65F0582739B5}.Debug|Any CPU.Build.0 = Debug|Any CPU
		{50807D46-15B1-43A4-827D-65F0582739B5}.Release|Any CPU.ActiveCfg = Release|Any CPU
		{50807D46-15B1-43A4-827D-65F0582739B5}.Release|Any CPU.Build.0 = Release|Any CPU
		{7A62018F-0504-43A3-B24E-4C8188E1A3A4}.Debug|Any CPU.ActiveCfg = Debug|Any CPU
		{7A62018F-0504-43A3-B24E-4C8188E1A3A4}.Debug|Any CPU.Build.0 = Debug|Any CPU
		{7A62018F-0504-43A3-B24E-4C8188E1A3A4}.Release|Any CPU.ActiveCfg = Release|Any CPU
		{7A62018F-0504-43A3-B24E-4C8188E1A3A4}.Release|Any CPU.Build.0 = Release|Any CPU
	EndGlobalSection
EndGlobal
